# This file is generated by running "yarn install" inside your project.
# Manual changes might be lost - proceed with caution!

__metadata:
  version: 6
  cacheKey: 8

"@rockefeller-center/ohmyfetch@workspace:.":
  version: 0.0.0-use.local
  resolution: "@rockefeller-center/ohmyfetch@workspace:."
  dependencies:
    "@types/node": ^18.6.3
    destr: ^1.1.1
    node-fetch-native: ^0.1.4
    prettier: ^2.7.1
    typescript: ^4.7.4
    ufo: ^0.8.5
    undici: ^5.8.2
  languageName: unknown
  linkType: soft

"@types/node@npm:^18.6.3":
  version: 18.6.3
  resolution: "@types/node@npm:18.6.3"
  checksum: 38495b8fd27200d2b7ab9ccd8c1e2475d2411fba15330f2cba869a85ef79dd42382a2658c8dd298ace8c21ed3bfafcdea408faecd74928b144377d07d00e7c8c
  languageName: node
  linkType: hard

"destr@npm:^1.1.1":
  version: 1.1.1
  resolution: "destr@npm:1.1.1"
  checksum: 334886494cef39d39526061071b83384dee493b531a7a13f6705e92a168ebb072b45be4aba4179aaba88c4a32c3e35d8058d1357871179dbaf74890584199019
  languageName: node
  linkType: hard

"node-fetch-native@npm:^0.1.4":
  version: 0.1.4
  resolution: "node-fetch-native@npm:0.1.4"
  checksum: f7c5feb80159e95ac2165cfa650c8446158e3b1549f6046d83f75bd89cc32ef4673a57b9a19fc0335ad77a08527aed4cf53d83dc3d41ef628672fe97369f7f87
  languageName: node
  linkType: hard

"prettier@npm:^2.7.1":
  version: 2.7.1
  resolution: "prettier@npm:2.7.1"
  bin:
    prettier: bin-prettier.js
  checksum: 55a4409182260866ab31284d929b3cb961e5fdb91fe0d2e099dac92eaecec890f36e524b4c19e6ceae839c99c6d7195817579cdffc8e2c80da0cb794463a748b
  languageName: node
  linkType: hard

"typescript@npm:^4.7.4":
  version: 4.7.4
  resolution: "typescript@npm:4.7.4"
  bin:
    tsc: bin/tsc
    tsserver: bin/tsserver
  checksum: 5750181b1cd7e6482c4195825547e70f944114fb47e58e4aa7553e62f11b3f3173766aef9c281783edfd881f7b8299cf35e3ca8caebe73d8464528c907a164df
  languageName: node
  linkType: hard

"typescript@patch:typescript@^4.7.4#~builtin<compat/typescript>":
  version: 4.7.4
  resolution: "typescript@patch:typescript@npm%3A4.7.4#~builtin<compat/typescript>::version=4.7.4&hash=f456af"
  bin:
    tsc: bin/tsc
    tsserver: bin/tsserver
  checksum: 9096d8f6c16cb80ef3bf96fcbbd055bf1c4a43bd14f3b7be45a9fbe7ada46ec977f604d5feed3263b4f2aa7d4c7477ce5f9cd87de0d6feedec69a983f3a4f93e
  languageName: node
  linkType: hard

"ufo@npm:^0.8.5":
  version: 0.8.5
  resolution: "ufo@npm:0.8.5"
  checksum: 4dcf657a906550112ab1eb045110ebb768a914fb653373a2c363776a1f6ba25ea9d20bd5ed7f4bb44fb72bd4421b37d62991cd5ce4e3a2aef7e3eae450bb9508
  languageName: node
  linkType: hard

"undici@npm:^5.8.2":
  version: 5.8.2
  resolution: "undici@npm:5.8.2"
  checksum: 726e04bb37e2e285b4f632600c792efc9eaa5e06e37f9f34338352ac5e1dbd8ae3cdd12dd8761abfecffc5f200d1c7b91b41efb3a31c4e804ea341e5808ddfcf
  languageName: node
  linkType: hard
